
Microsoft Visual Studio Solution File, Format Version 12.00
# Visual Studio Version 17
VisualStudioVersion = 17.10.35013.160
MinimumVisualStudioVersion = 10.0.40219.1
Project("{FAE04EC0-301F-11D3-BF4B-00C04F79EFBC}") = "Geradores", "Geradores\Geradores.csproj", "{1EB1920B-DBB3-4112-BB46-99C286585D32}"
EndProject
Global
	GlobalSection(SolutionConfigurationPlatforms) = preSolution
		Debug|Any CPU = Debug|Any CPU
		Release|Any CPU = Release|Any CPU
	EndGlobalSection
	GlobalSection(ProjectConfigurationPlatforms) = postSolution
		{1EB1920B-DBB3-4112-BB46-99C286585D32}.Debug|Any CPU.ActiveCfg = Debug|Any CPU
		{1EB1920B-DBB3-4112-BB46-99C286585D32}.Debug|Any CPU.Build.0 = Debug|Any CPU
		{1EB1920B-DBB3-4112-BB46-99C286585D32}.Release|Any CPU.ActiveCfg = Release|Any CPU
		{1EB1920B-DBB3-4112-BB46-99C286585D32}.Release|Any CPU.Build.0 = Release|Any CPU
	EndGlobalSection
	GlobalSection(SolutionProperties) = preSolution
		HideSolutionNode = FALSE
	EndGlobalSection
	GlobalSection(ExtensibilityGlobals) = postSolution
		SolutionGuid = {0687C20C-1DBB-40B7-A6FC-168C681B57CC}
	EndGlobalSection
EndGlobal
